// !$*UTF8*$!
{
	archiveVersion = 1;
	classes = {
	};
	objectVersion = 50;
	objects = {

/* Begin PBXBuildFile section */
		0B0254002075347F0020FABC /* AppDelegate.swift in Sources */ = {isa = PBXBuildFile; fileRef = 0B0253FF2075347F0020FABC /* AppDelegate.swift */; };
		0B0254052075347F0020FABC /* Main.storyboard in Resources */ = {isa = PBXBuildFile; fileRef = 0B0254032075347F0020FABC /* Main.storyboard */; };
		0B025407207534800020FABC /* Assets.xcassets in Resources */ = {isa = PBXBuildFile; fileRef = 0B025406207534800020FABC /* Assets.xcassets */; };
		0B02540A207534800020FABC /* LaunchScreen.storyboard in Resources */ = {isa = PBXBuildFile; fileRef = 0B025408207534800020FABC /* LaunchScreen.storyboard */; };
		0B33993820927925003341B8 /* ProfileVC.swift in Sources */ = {isa = PBXBuildFile; fileRef = 0B33993620927925003341B8 /* ProfileVC.swift */; };
		0B33993920927925003341B8 /* ProfileVC.xib in Resources */ = {isa = PBXBuildFile; fileRef = 0B33993720927925003341B8 /* ProfileVC.xib */; };
		0B4BD08A207577C5002C78EC /* SWRevealViewController.m in Sources */ = {isa = PBXBuildFile; fileRef = 0B4BD088207577C5002C78EC /* SWRevealViewController.m */; };
		0B4BD08F20757F9B002C78EC /* ChatVC.swift in Sources */ = {isa = PBXBuildFile; fileRef = 0B4BD08E20757F9B002C78EC /* ChatVC.swift */; };
		0B4BD09120757FB0002C78EC /* ChannelVC.swift in Sources */ = {isa = PBXBuildFile; fileRef = 0B4BD09020757FAF002C78EC /* ChannelVC.swift */; };
		0BA0087020854CD400641ABC /* AvatarVC.swift in Sources */ = {isa = PBXBuildFile; fileRef = 0BA0086F20854CD400641ABC /* AvatarVC.swift */; };
		0BA0087220854F5300641ABC /* AvatarCell.swift in Sources */ = {isa = PBXBuildFile; fileRef = 0BA0087120854F5300641ABC /* AvatarCell.swift */; };
		0BA00876208D3D7200641ABC /* CircleImage.swift in Sources */ = {isa = PBXBuildFile; fileRef = 0BA00875208D3D7200641ABC /* CircleImage.swift */; };
		0BFB55B3207678CC00A43FE1 /* GradientView.swift in Sources */ = {isa = PBXBuildFile; fileRef = 0BFB55B2207678CC00A43FE1 /* GradientView.swift */; };
		0BFB55B620781C6D00A43FE1 /* Constants.swift in Sources */ = {isa = PBXBuildFile; fileRef = 0BFB55B520781C6D00A43FE1 /* Constants.swift */; };
		0BFB55B82078233B00A43FE1 /* LoginVC.swift in Sources */ = {isa = PBXBuildFile; fileRef = 0BFB55B72078233B00A43FE1 /* LoginVC.swift */; };
		0BFB55BA2078262900A43FE1 /* CreateAccountVC.swift in Sources */ = {isa = PBXBuildFile; fileRef = 0BFB55B92078262900A43FE1 /* CreateAccountVC.swift */; };
		0BFB55BD207C169600A43FE1 /* AuthService.swift in Sources */ = {isa = PBXBuildFile; fileRef = 0BFB55BC207C169600A43FE1 /* AuthService.swift */; };
		0BFB55BF207C249900A43FE1 /* RoundedButton.swift in Sources */ = {isa = PBXBuildFile; fileRef = 0BFB55BE207C249900A43FE1 /* RoundedButton.swift */; };
		0BFB55C1207D6CA100A43FE1 /* userDataService.swift in Sources */ = {isa = PBXBuildFile; fileRef = 0BFB55C0207D6CA100A43FE1 /* userDataService.swift */; };
		917618CBFA6CCEC499668424 /* Pods_Smack.framework in Frameworks */ = {isa = PBXBuildFile; fileRef = 96B95F896FDD68ADE2AB3669 /* Pods_Smack.framework */; };
/* End PBXBuildFile section */

/* Begin PBXFileReference section */
		0B0253FC2075347F0020FABC /* Smack.app */ = {isa = PBXFileReference; explicitFileType = wrapper.application; includeInIndex = 0; path = Smack.app; sourceTree = BUILT_PRODUCTS_DIR; };
		0B0253FF2075347F0020FABC /* AppDelegate.swift */ = {isa = PBXFileReference; lastKnownFileType = sourcecode.swift; path = AppDelegate.swift; sourceTree = "<group>"; };
		0B0254042075347F0020FABC /* Base */ = {isa = PBXFileReference; lastKnownFileType = file.storyboard; name = Base; path = Base.lproj/Main.storyboard; sourceTree = "<group>"; };
		0B025406207534800020FABC /* Assets.xcassets */ = {isa = PBXFileReference; lastKnownFileType = folder.assetcatalog; path = Assets.xcassets; sourceTree = "<group>"; };
		0B025409207534800020FABC /* Base */ = {isa = PBXFileReference; lastKnownFileType = file.storyboard; name = Base; path = Base.lproj/LaunchScreen.storyboard; sourceTree = "<group>"; };
		0B02540B207534800020FABC /* Info.plist */ = {isa = PBXFileReference; lastKnownFileType = text.plist.xml; path = Info.plist; sourceTree = "<group>"; };
		0B33993620927925003341B8 /* ProfileVC.swift */ = {isa = PBXFileReference; lastKnownFileType = sourcecode.swift; path = ProfileVC.swift; sourceTree = "<group>"; };
		0B33993720927925003341B8 /* ProfileVC.xib */ = {isa = PBXFileReference; lastKnownFileType = file.xib; path = ProfileVC.xib; sourceTree = "<group>"; };
		0B4BD087207577C4002C78EC /* Smack-Bridging-Header.h */ = {isa = PBXFileReference; lastKnownFileType = sourcecode.c.h; path = "Smack-Bridging-Header.h"; sourceTree = "<group>"; };
		0B4BD088207577C5002C78EC /* SWRevealViewController.m */ = {isa = PBXFileReference; fileEncoding = 4; lastKnownFileType = sourcecode.c.objc; path = SWRevealViewController.m; sourceTree = "<group>"; };
		0B4BD089207577C5002C78EC /* SWRevealViewController.h */ = {isa = PBXFileReference; fileEncoding = 4; lastKnownFileType = sourcecode.c.h; path = SWRevealViewController.h; sourceTree = "<group>"; };
		0B4BD08E20757F9B002C78EC /* ChatVC.swift */ = {isa = PBXFileReference; lastKnownFileType = sourcecode.swift; path = ChatVC.swift; sourceTree = "<group>"; };
		0B4BD09020757FAF002C78EC /* ChannelVC.swift */ = {isa = PBXFileReference; lastKnownFileType = sourcecode.swift; path = ChannelVC.swift; sourceTree = "<group>"; };
		0BA0086F20854CD400641ABC /* AvatarVC.swift */ = {isa = PBXFileReference; lastKnownFileType = sourcecode.swift; path = AvatarVC.swift; sourceTree = "<group>"; };
		0BA0087120854F5300641ABC /* AvatarCell.swift */ = {isa = PBXFileReference; lastKnownFileType = sourcecode.swift; path = AvatarCell.swift; sourceTree = "<group>"; };
		0BA00875208D3D7200641ABC /* CircleImage.swift */ = {isa = PBXFileReference; lastKnownFileType = sourcecode.swift; path = CircleImage.swift; sourceTree = "<group>"; };
		0BFB55B2207678CC00A43FE1 /* GradientView.swift */ = {isa = PBXFileReference; lastKnownFileType = sourcecode.swift; path = GradientView.swift; sourceTree = "<group>"; };
		0BFB55B520781C6D00A43FE1 /* Constants.swift */ = {isa = PBXFileReference; lastKnownFileType = sourcecode.swift; path = Constants.swift; sourceTree = "<group>"; };
		0BFB55B72078233B00A43FE1 /* LoginVC.swift */ = {isa = PBXFileReference; lastKnownFileType = sourcecode.swift; path = LoginVC.swift; sourceTree = "<group>"; };
		0BFB55B92078262900A43FE1 /* CreateAccountVC.swift */ = {isa = PBXFileReference; lastKnownFileType = sourcecode.swift; path = CreateAccountVC.swift; sourceTree = "<group>"; };
		0BFB55BC207C169600A43FE1 /* AuthService.swift */ = {isa = PBXFileReference; lastKnownFileType = sourcecode.swift; path = AuthService.swift; sourceTree = "<group>"; };
		0BFB55BE207C249900A43FE1 /* RoundedButton.swift */ = {isa = PBXFileReference; lastKnownFileType = sourcecode.swift; path = RoundedButton.swift; sourceTree = "<group>"; };
		0BFB55C0207D6CA100A43FE1 /* userDataService.swift */ = {isa = PBXFileReference; lastKnownFileType = sourcecode.swift; path = userDataService.swift; sourceTree = "<group>"; };
		1EDB8E167CB3A604FEAEFFC6 /* Pods-Smack.release.xcconfig */ = {isa = PBXFileReference; includeInIndex = 1; lastKnownFileType = text.xcconfig; name = "Pods-Smack.release.xcconfig"; path = "Pods/Target Support Files/Pods-Smack/Pods-Smack.release.xcconfig"; sourceTree = "<group>"; };
		96B95F896FDD68ADE2AB3669 /* Pods_Smack.framework */ = {isa = PBXFileReference; explicitFileType = wrapper.framework; includeInIndex = 0; path = Pods_Smack.framework; sourceTree = BUILT_PRODUCTS_DIR; };
		E80CA1BEF18A5D3F4DD11022 /* Pods-Smack.debug.xcconfig */ = {isa = PBXFileReference; includeInIndex = 1; lastKnownFileType = text.xcconfig; name = "Pods-Smack.debug.xcconfig"; path = "Pods/Target Support Files/Pods-Smack/Pods-Smack.debug.xcconfig"; sourceTree = "<group>"; };
/* End PBXFileReference section */

/* Begin PBXFrameworksBuildPhase section */
		0B0253F92075347F0020FABC /* Frameworks */ = {
			isa = PBXFrameworksBuildPhase;
			buildActionMask = 2147483647;
			files = (
				917618CBFA6CCEC499668424 /* Pods_Smack.framework in Frameworks */,
			);
			runOnlyForDeploymentPostprocessing = 0;
		};
/* End PBXFrameworksBuildPhase section */

/* Begin PBXGroup section */
		0B0253F32075347F0020FABC = {
			isa = PBXGroup;
			children = (
				0B0253FE2075347F0020FABC /* Smack */,
				0B0253FD2075347F0020FABC /* Products */,
				E23BAF0482029297D38CF274 /* Pods */,
				914AD63E2C58D3E96534B4B7 /* Frameworks */,
			);
			sourceTree = "<group>";
		};
		0B0253FD2075347F0020FABC /* Products */ = {
			isa = PBXGroup;
			children = (
				0B0253FC2075347F0020FABC /* Smack.app */,
			);
			name = Products;
			sourceTree = "<group>";
		};
		0B0253FE2075347F0020FABC /* Smack */ = {
			isa = PBXGroup;
			children = (
				0B33993520913033003341B8 /* XIBs */,
				0BFB55BB207C165000A43FE1 /* Services */,
				0BFB55B420781C5200A43FE1 /* Utilities */,
				0B4BD08D20757F65002C78EC /* Model */,
				0B4BD08C20757F5C002C78EC /* View */,
				0B4BD08B20757F44002C78EC /* Controller */,
				0B4BD0862075775F002C78EC /* supporting files */,
				0B0253FF2075347F0020FABC /* AppDelegate.swift */,
				0B0254032075347F0020FABC /* Main.storyboard */,
				0B025406207534800020FABC /* Assets.xcassets */,
				0B025408207534800020FABC /* LaunchScreen.storyboard */,
				0B02540B207534800020FABC /* Info.plist */,
			);
			path = Smack;
			sourceTree = "<group>";
		};
		0B33993520913033003341B8 /* XIBs */ = {
			isa = PBXGroup;
			children = (
				0B33993720927925003341B8 /* ProfileVC.xib */,
			);
			path = XIBs;
			sourceTree = "<group>";
		};
		0B4BD0862075775F002C78EC /* supporting files */ = {
			isa = PBXGroup;
			children = (
				0B4BD089207577C5002C78EC /* SWRevealViewController.h */,
				0B4BD088207577C5002C78EC /* SWRevealViewController.m */,
				0B4BD087207577C4002C78EC /* Smack-Bridging-Header.h */,
			);
			path = "supporting files";
			sourceTree = "<group>";
		};
		0B4BD08B20757F44002C78EC /* Controller */ = {
			isa = PBXGroup;
			children = (
				0B4BD08E20757F9B002C78EC /* ChatVC.swift */,
				0B4BD09020757FAF002C78EC /* ChannelVC.swift */,
				0BFB55B72078233B00A43FE1 /* LoginVC.swift */,
				0BFB55B92078262900A43FE1 /* CreateAccountVC.swift */,
				0BA0086F20854CD400641ABC /* AvatarVC.swift */,
				0B33993620927925003341B8 /* ProfileVC.swift */,
			);
			path = Controller;
			sourceTree = "<group>";
		};
		0B4BD08C20757F5C002C78EC /* View */ = {
			isa = PBXGroup;
			children = (
				0BFB55B2207678CC00A43FE1 /* GradientView.swift */,
				0BFB55BE207C249900A43FE1 /* RoundedButton.swift */,
				0BA0087120854F5300641ABC /* AvatarCell.swift */,
				0BA00875208D3D7200641ABC /* CircleImage.swift */,
			);
			path = View;
			sourceTree = "<group>";
		};
		0B4BD08D20757F65002C78EC /* Model */ = {
			isa = PBXGroup;
			children = (
			);
			path = Model;
			sourceTree = "<group>";
		};
		0BFB55B420781C5200A43FE1 /* Utilities */ = {
			isa = PBXGroup;
			children = (
				0BFB55B520781C6D00A43FE1 /* Constants.swift */,
			);
			path = Utilities;
			sourceTree = "<group>";
		};
		0BFB55BB207C165000A43FE1 /* Services */ = {
			isa = PBXGroup;
			children = (
				0BFB55BC207C169600A43FE1 /* AuthService.swift */,
				0BFB55C0207D6CA100A43FE1 /* userDataService.swift */,
			);
			path = Services;
			sourceTree = "<group>";
		};
		914AD63E2C58D3E96534B4B7 /* Frameworks */ = {
			isa = PBXGroup;
			children = (
				96B95F896FDD68ADE2AB3669 /* Pods_Smack.framework */,
			);
			name = Frameworks;
			sourceTree = "<group>";
		};
		E23BAF0482029297D38CF274 /* Pods */ = {
			isa = PBXGroup;
			children = (
				E80CA1BEF18A5D3F4DD11022 /* Pods-Smack.debug.xcconfig */,
				1EDB8E167CB3A604FEAEFFC6 /* Pods-Smack.release.xcconfig */,
			);
			name = Pods;
			sourceTree = "<group>";
		};
/* End PBXGroup section */

/* Begin PBXNativeTarget section */
		0B0253FB2075347F0020FABC /* Smack */ = {
			isa = PBXNativeTarget;
			buildConfigurationList = 0B02540E207534800020FABC /* Build configuration list for PBXNativeTarget "Smack" */;
			buildPhases = (
				BE2C424E27860C3BDA50D397 /* [CP] Check Pods Manifest.lock */,
				0B0253F82075347F0020FABC /* Sources */,
				0B0253F92075347F0020FABC /* Frameworks */,
				0B0253FA2075347F0020FABC /* Resources */,
				564AC14DA206474FF1A11C08 /* [CP] Embed Pods Frameworks */,
				91582F78D37C1497BEF375E9 /* [CP] Copy Pods Resources */,
			);
			buildRules = (
			);
			dependencies = (
			);
			name = Smack;
			productName = Smack;
			productReference = 0B0253FC2075347F0020FABC /* Smack.app */;
			productType = "com.apple.product-type.application";
		};
/* End PBXNativeTarget section */

/* Begin PBXProject section */
		0B0253F42075347F0020FABC /* Project object */ = {
			isa = PBXProject;
			attributes = {
				LastSwiftUpdateCheck = 0930;
				LastUpgradeCheck = 0930;
				ORGANIZATIONNAME = "ioannis giannakidis";
				TargetAttributes = {
					0B0253FB2075347F0020FABC = {
						CreatedOnToolsVersion = 9.3;
						LastSwiftMigration = 0930;
					};
				};
			};
			buildConfigurationList = 0B0253F72075347F0020FABC /* Build configuration list for PBXProject "Smack" */;
			compatibilityVersion = "Xcode 9.3";
			developmentRegion = en;
			hasScannedForEncodings = 0;
			knownRegions = (
				en,
				Base,
			);
			mainGroup = 0B0253F32075347F0020FABC;
			productRefGroup = 0B0253FD2075347F0020FABC /* Products */;
			projectDirPath = "";
			projectRoot = "";
			targets = (
				0B0253FB2075347F0020FABC /* Smack */,
			);
		};
/* End PBXProject section */

/* Begin PBXResourcesBuildPhase section */
		0B0253FA2075347F0020FABC /* Resources */ = {
			isa = PBXResourcesBuildPhase;
			buildActionMask = 2147483647;
			files = (
				0B33993920927925003341B8 /* ProfileVC.xib in Resources */,
				0B02540A207534800020FABC /* LaunchScreen.storyboard in Resources */,
				0B025407207534800020FABC /* Assets.xcassets in Resources */,
				0B0254052075347F0020FABC /* Main.storyboard in Resources */,
			);
			runOnlyForDeploymentPostprocessing = 0;
		};
/* End PBXResourcesBuildPhase section */

/* Begin PBXShellScriptBuildPhase section */
		564AC14DA206474FF1A11C08 /* [CP] Embed Pods Frameworks */ = {
			isa = PBXShellScriptBuildPhase;
			buildActionMask = 2147483647;
			files = (
			);
			inputPaths = (
				"${SRCROOT}/Pods/Target Support Files/Pods-Smack/Pods-Smack-frameworks.sh",
				"${BUILT_PRODUCTS_DIR}/Alamofire/Alamofire.framework",
				"${BUILT_PRODUCTS_DIR}/Socket.IO-Client-Swift/SocketIO.framework",
				"${BUILT_PRODUCTS_DIR}/Starscream/Starscream.framework",
				"${BUILT_PRODUCTS_DIR}/SwiftyJSON/SwiftyJSON.framework",
			);
			name = "[CP] Embed Pods Frameworks";
			outputPaths = (
				"${TARGET_BUILD_DIR}/${FRAMEWORKS_FOLDER_PATH}/Alamofire.framework",
				"${TARGET_BUILD_DIR}/${FRAMEWORKS_FOLDER_PATH}/SocketIO.framework",
				"${TARGET_BUILD_DIR}/${FRAMEWORKS_FOLDER_PATH}/Starscream.framework",
				"${TARGET_BUILD_DIR}/${FRAMEWORKS_FOLDER_PATH}/SwiftyJSON.framework",
			);
			runOnlyForDeploymentPostprocessing = 0;
			shellPath = /bin/sh;
			shellScript = "\"${SRCROOT}/Pods/Target Support Files/Pods-Smack/Pods-Smack-frameworks.sh\"\n";
			showEnvVarsInLog = 0;
		};
		91582F78D37C1497BEF375E9 /* [CP] Copy Pods Resources */ = {
			isa = PBXShellScriptBuildPhase;
			buildActionMask = 2147483647;
			files = (
			);
			inputPaths = (
			);
			name = "[CP] Copy Pods Resources";
			outputPaths = (
			);
			runOnlyForDeploymentPostprocessing = 0;
			shellPath = /bin/sh;
			shellScript = "\"${SRCROOT}/Pods/Target Support Files/Pods-Smack/Pods-Smack-resources.sh\"\n";
			showEnvVarsInLog = 0;
		};
		BE2C424E27860C3BDA50D397 /* [CP] Check Pods Manifest.lock */ = {
			isa = PBXShellScriptBuildPhase;
			buildActionMask = 2147483647;
			files = (
			);
			inputPaths = (
				"${PODS_PODFILE_DIR_PATH}/Podfile.lock",
				"${PODS_ROOT}/Manifest.lock",
			);
			name = "[CP] Check Pods Manifest.lock";
			outputPaths = (
				"$(DERIVED_FILE_DIR)/Pods-Smack-checkManifestLockResult.txt",
			);
			runOnlyForDeploymentPostprocessing = 0;
			shellPath = /bin/sh;
			shellScript = "diff \"${PODS_PODFILE_DIR_PATH}/Podfile.lock\" \"${PODS_ROOT}/Manifest.lock\" > /dev/null\nif [ $? != 0 ] ; then\n    # print error to STDERR\n    echo \"error: The sandbox is not in sync with the Podfile.lock. Run 'pod install' or update your CocoaPods installation.\" >&2\n    exit 1\nfi\n# This output is used by Xcode 'outputs' to avoid re-running this script phase.\necho \"SUCCESS\" > \"${SCRIPT_OUTPUT_FILE_0}\"\n";
			showEnvVarsInLog = 0;
		};
/* End PBXShellScriptBuildPhase section */

/* Begin PBXSourcesBuildPhase section */
		0B0253F82075347F0020FABC /* Sources */ = {
			isa = PBXSourcesBuildPhase;
			buildActionMask = 2147483647;
			files = (
				0B33993820927925003341B8 /* ProfileVC.swift in Sources */,
				0B4BD09120757FB0002C78EC /* ChannelVC.swift in Sources */,
				0BA0087020854CD400641ABC /* AvatarVC.swift in Sources */,
				0BFB55BF207C249900A43FE1 /* RoundedButton.swift in Sources */,
				0BA00876208D3D7200641ABC /* CircleImage.swift in Sources */,
				0BFB55C1207D6CA100A43FE1 /* userDataService.swift in Sources */,
				0B4BD08F20757F9B002C78EC /* ChatVC.swift in Sources */,
				0BFB55BA2078262900A43FE1 /* CreateAccountVC.swift in Sources */,
				0BFB55BD207C169600A43FE1 /* AuthService.swift in Sources */,
				0BFB55B82078233B00A43FE1 /* LoginVC.swift in Sources */,
				0BFB55B3207678CC00A43FE1 /* GradientView.swift in Sources */,
				0BA0087220854F5300641ABC /* AvatarCell.swift in Sources */,
				0B0254002075347F0020FABC /* AppDelegate.swift in Sources */,
				0B4BD08A207577C5002C78EC /* SWRevealViewController.m in Sources */,
				0BFB55B620781C6D00A43FE1 /* Constants.swift in Sources */,
			);
			runOnlyForDeploymentPostprocessing = 0;
		};
/* End PBXSourcesBuildPhase section */

/* Begin PBXVariantGroup section */
		0B0254032075347F0020FABC /* Main.storyboard */ = {
			isa = PBXVariantGroup;
			children = (
				0B0254042075347F0020FABC /* Base */,
			);
			name = Main.storyboard;
			sourceTree = "<group>";
		};
		0B025408207534800020FABC /* LaunchScreen.storyboard */ = {
			isa = PBXVariantGroup;
			children = (
				0B025409207534800020FABC /* Base */,
			);
			name = LaunchScreen.storyboard;
			sourceTree = "<group>";
		};
/* End PBXVariantGroup section */

/* Begin XCBuildConfiguration section */
		0B02540C207534800020FABC /* Debug */ = {
			isa = XCBuildConfiguration;
			buildSettings = {
				ALWAYS_SEARCH_USER_PATHS = NO;
				CLANG_ANALYZER_NONNULL = YES;
				CLANG_ANALYZER_NUMBER_OBJECT_CONVERSION = YES_AGGRESSIVE;
				CLANG_CXX_LANGUAGE_STANDARD = "gnu++14";
				CLANG_CXX_LIBRARY = "libc++";
				CLANG_ENABLE_MODULES = YES;
				CLANG_ENABLE_OBJC_ARC = YES;
				CLANG_ENABLE_OBJC_WEAK = YES;
				CLANG_WARN_BLOCK_CAPTURE_AUTORELEASING = YES;
				CLANG_WARN_BOOL_CONVERSION = YES;
				CLANG_WARN_COMMA = YES;
				CLANG_WARN_CONSTANT_CONVERSION = YES;
				CLANG_WARN_DEPRECATED_OBJC_IMPLEMENTATIONS = YES;
				CLANG_WARN_DIRECT_OBJC_ISA_USAGE = YES_ERROR;
				CLANG_WARN_DOCUMENTATION_COMMENTS = YES;
				CLANG_WARN_EMPTY_BODY = YES;
				CLANG_WARN_ENUM_CONVERSION = YES;
				CLANG_WARN_INFINITE_RECURSION = YES;
				CLANG_WARN_INT_CONVERSION = YES;
				CLANG_WARN_NON_LITERAL_NULL_CONVERSION = YES;
				CLANG_WARN_OBJC_IMPLICIT_RETAIN_SELF = YES;
				CLANG_WARN_OBJC_LITERAL_CONVERSION = YES;
				CLANG_WARN_OBJC_ROOT_CLASS = YES_ERROR;
				CLANG_WARN_RANGE_LOOP_ANALYSIS = YES;
				CLANG_WARN_STRICT_PROTOTYPES = YES;
				CLANG_WARN_SUSPICIOUS_MOVE = YES;
				CLANG_WARN_UNGUARDED_AVAILABILITY = YES_AGGRESSIVE;
				CLANG_WARN_UNREACHABLE_CODE = YES;
				CLANG_WARN__DUPLICATE_METHOD_MATCH = YES;
				CODE_SIGN_IDENTITY = "iPhone Developer";
				COPY_PHASE_STRIP = NO;
				DEBUG_INFORMATION_FORMAT = dwarf;
				ENABLE_STRICT_OBJC_MSGSEND = YES;
				ENABLE_TESTABILITY = YES;
				GCC_C_LANGUAGE_STANDARD = gnu11;
				GCC_DYNAMIC_NO_PIC = NO;
				GCC_NO_COMMON_BLOCKS = YES;
				GCC_OPTIMIZATION_LEVEL = 0;
				GCC_PREPROCESSOR_DEFINITIONS = (
					"DEBUG=1",
					"$(inherited)",
				);
				GCC_WARN_64_TO_32_BIT_CONVERSION = YES;
				GCC_WARN_ABOUT_RETURN_TYPE = YES_ERROR;
				GCC_WARN_UNDECLARED_SELECTOR = YES;
				GCC_WARN_UNINITIALIZED_AUTOS = YES_AGGRESSIVE;
				GCC_WARN_UNUSED_FUNCTION = YES;
				GCC_WARN_UNUSED_VARIABLE = YES;
				IPHONEOS_DEPLOYMENT_TARGET = 11.3;
				MTL_ENABLE_DEBUG_INFO = YES;
				ONLY_ACTIVE_ARCH = YES;
				SDKROOT = iphoneos;
				SWIFT_ACTIVE_COMPILATION_CONDITIONS = DEBUG;
				SWIFT_OPTIMIZATION_LEVEL = "-Onone";
			};
			name = Debug;
		};
		0B02540D207534800020FABC /* Release */ = {
			isa = XCBuildConfiguration;
			buildSettings = {
				ALWAYS_SEARCH_USER_PATHS = NO;
				CLANG_ANALYZER_NONNULL = YES;
				CLANG_ANALYZER_NUMBER_OBJECT_CONVERSION = YES_AGGRESSIVE;
				CLANG_CXX_LANGUAGE_STANDARD = "gnu++14";
				CLANG_CXX_LIBRARY = "libc++";
				CLANG_ENABLE_MODULES = YES;
				CLANG_ENABLE_OBJC_ARC = YES;
				CLANG_ENABLE_OBJC_WEAK = YES;
				CLANG_WARN_BLOCK_CAPTURE_AUTORELEASING = YES;
				CLANG_WARN_BOOL_CONVERSION = YES;
				CLANG_WARN_COMMA = YES;
				CLANG_WARN_CONSTANT_CONVERSION = YES;
				CLANG_WARN_DEPRECATED_OBJC_IMPLEMENTATIONS = YES;
				CLANG_WARN_DIRECT_OBJC_ISA_USAGE = YES_ERROR;
				CLANG_WARN_DOCUMENTATION_COMMENTS = YES;
				CLANG_WARN_EMPTY_BODY = YES;
				CLANG_WARN_ENUM_CONVERSION = YES;
				CLANG_WARN_INFINITE_RECURSION = YES;
				CLANG_WARN_INT_CONVERSION = YES;
				CLANG_WARN_NON_LITERAL_NULL_CONVERSION = YES;
				CLANG_WARN_OBJC_IMPLICIT_RETAIN_SELF = YES;
				CLANG_WARN_OBJC_LITERAL_CONVERSION = YES;
				CLANG_WARN_OBJC_ROOT_CLASS = YES_ERROR;
				CLANG_WARN_RANGE_LOOP_ANALYSIS = YES;
				CLANG_WARN_STRICT_PROTOTYPES = YES;
				CLANG_WARN_SUSPICIOUS_MOVE = YES;
				CLANG_WARN_UNGUARDED_AVAILABILITY = YES_AGGRESSIVE;
				CLANG_WARN_UNREACHABLE_CODE = YES;
				CLANG_WARN__DUPLICATE_METHOD_MATCH = YES;
				CODE_SIGN_IDENTITY = "iPhone Developer";
				COPY_PHASE_STRIP = NO;
				DEBUG_INFORMATION_FORMAT = "dwarf-with-dsym";
				ENABLE_NS_ASSERTIONS = NO;
				ENABLE_STRICT_OBJC_MSGSEND = YES;
				GCC_C_LANGUAGE_STANDARD = gnu11;
				GCC_NO_COMMON_BLOCKS = YES;
				GCC_WARN_64_TO_32_BIT_CONVERSION = YES;
				GCC_WARN_ABOUT_RETURN_TYPE = YES_ERROR;
				GCC_WARN_UNDECLARED_SELECTOR = YES;
				GCC_WARN_UNINITIALIZED_AUTOS = YES_AGGRESSIVE;
				GCC_WARN_UNUSED_FUNCTION = YES;
				GCC_WARN_UNUSED_VARIABLE = YES;
				IPHONEOS_DEPLOYMENT_TARGET = 11.3;
				MTL_ENABLE_DEBUG_INFO = NO;
				SDKROOT = iphoneos;
				SWIFT_COMPILATION_MODE = wholemodule;
				SWIFT_OPTIMIZATION_LEVEL = "-O";
				VALIDATE_PRODUCT = YES;
			};
			name = Release;
		};
		0B02540F207534800020FABC /* Debug */ = {
			isa = XCBuildConfiguration;
			baseConfigurationReference = E80CA1BEF18A5D3F4DD11022 /* Pods-Smack.debug.xcconfig */;
			buildSettings = {
				ASSETCATALOG_COMPILER_APPICON_NAME = AppIcon;
				CLANG_ENABLE_MODULES = YES;
				CODE_SIGN_STYLE = Automatic;
				DEVELOPMENT_TEAM = PGWZGKLA6S;
				INFOPLIST_FILE = Smack/Info.plist;
				IPHONEOS_DEPLOYMENT_TARGET = 11.0;
				LD_RUNPATH_SEARCH_PATHS = (
					"$(inherited)",
					"@executable_path/Frameworks",
				);
				PRODUCT_BUNDLE_IDENTIFIER = ioannisgiannakidis.Smack;
				PRODUCT_NAME = "$(TARGET_NAME)";
				SWIFT_OBJC_BRIDGING_HEADER = "Smack/supporting files/Smack-Bridging-Header.h";
				SWIFT_OPTIMIZATION_LEVEL = "-Onone";
				SWIFT_VERSION = 4.0;
				TARGETED_DEVICE_FAMILY = "1,2";
			};
			name = Debug;
		};
		0B025410207534800020FABC /* Release */ = {
			isa = XCBuildConfiguration;
			baseConfigurationReference = 1EDB8E167CB3A604FEAEFFC6 /* Pods-Smack.release.xcconfig */;
			buildSettings = {
				ASSETCATALOG_COMPILER_APPICON_NAME = AppIcon;
				CLANG_ENABLE_MODULES = YES;
				CODE_SIGN_STYLE = Automatic;
				DEVELOPMENT_TEAM = PGWZGKLA6S;
				INFOPLIST_FILE = Smack/Info.plist;
				IPHONEOS_DEPLOYMENT_TARGET = 11.0;
				LD_RUNPATH_SEARCH_PATHS = (
					"$(inherited)",
					"@executable_path/Frameworks",
				);
				PRODUCT_BUNDLE_IDENTIFIER = ioannisgiannakidis.Smack;
				PRODUCT_NAME = "$(TARGET_NAME)";
				SWIFT_OBJC_BRIDGING_HEADER = "Smack/supporting files/Smack-Bridging-Header.h";
				SWIFT_VERSION = 4.0;
				TARGETED_DEVICE_FAMILY = "1,2";
			};
			name = Release;
		};
/* End XCBuildConfiguration section */

/* Begin XCConfigurationList section */
		0B0253F72075347F0020FABC /* Build configuration list for PBXProject "Smack" */ = {
			isa = XCConfigurationList;
			buildConfigurations = (
				0B02540C207534800020FABC /* Debug */,
				0B02540D207534800020FABC /* Release */,
			);
			defaultConfigurationIsVisible = 0;
			defaultConfigurationName = Release;
		};
		0B02540E207534800020FABC /* Build configuration list for PBXNativeTarget "Smack" */ = {
			isa = XCConfigurationList;
			buildConfigurations = (
				0B02540F207534800020FABC /* Debug */,
				0B025410207534800020FABC /* Release */,
			);
			defaultConfigurationIsVisible = 0;
			defaultConfigurationName = Release;
		};
/* End XCConfigurationList section */
	};
	rootObject = 0B0253F42075347F0020FABC /* Project object */;
}
